// !$*UTF8*$!
{
	archiveVersion = 1;
	classes = {
	};
	objectVersion = 56;
	objects = {

/* Begin PBXBuildFile section */
		0E2F7A871F072745ED644F0A /* Pods_Hackthon.framework in Frameworks */ = {isa = PBXBuildFile; fileRef = 41EDCF4E6C96D57029C654CC /* Pods_Hackthon.framework */; };
		346066672A31919900ADADAB /* AppDelegate.swift in Sources */ = {isa = PBXBuildFile; fileRef = 346066662A31919900ADADAB /* AppDelegate.swift */; };
		346066692A31919900ADADAB /* SceneDelegate.swift in Sources */ = {isa = PBXBuildFile; fileRef = 346066682A31919900ADADAB /* SceneDelegate.swift */; };
		346066702A31919E00ADADAB /* Assets.xcassets in Resources */ = {isa = PBXBuildFile; fileRef = 3460666F2A31919E00ADADAB /* Assets.xcassets */; };
		346066732A31919E00ADADAB /* LaunchScreen.storyboard in Resources */ = {isa = PBXBuildFile; fileRef = 346066712A31919E00ADADAB /* LaunchScreen.storyboard */; };
		3460667E2A31919E00ADADAB /* HackthonTests.swift in Sources */ = {isa = PBXBuildFile; fileRef = 3460667D2A31919E00ADADAB /* HackthonTests.swift */; };
		346066882A31919F00ADADAB /* HackthonUITests.swift in Sources */ = {isa = PBXBuildFile; fileRef = 346066872A31919F00ADADAB /* HackthonUITests.swift */; };
		3460668A2A31919F00ADADAB /* HackthonUITestsLaunchTests.swift in Sources */ = {isa = PBXBuildFile; fileRef = 346066892A31919F00ADADAB /* HackthonUITestsLaunchTests.swift */; };
		346066A62A31D36800ADADAB /* ItemCell.xib in Resources */ = {isa = PBXBuildFile; fileRef = 346066A22A31D36800ADADAB /* ItemCell.xib */; };
		346066A72A31D36800ADADAB /* ItemsListViewController.swift in Sources */ = {isa = PBXBuildFile; fileRef = 346066A32A31D36800ADADAB /* ItemsListViewController.swift */; };
		346066A82A31D36800ADADAB /* ItemCell.swift in Sources */ = {isa = PBXBuildFile; fileRef = 346066A42A31D36800ADADAB /* ItemCell.swift */; };
		346066A92A31D36800ADADAB /* ScannedImageViewControlller.swift in Sources */ = {isa = PBXBuildFile; fileRef = 346066A52A31D36800ADADAB /* ScannedImageViewControlller.swift */; };
		7C535D542A31D94800C95D5F /* Main.storyboard in Resources */ = {isa = PBXBuildFile; fileRef = 7C535D532A31D94800C95D5F /* Main.storyboard */; };
		7C535D602A31DC5200C95D5F /* PreviewView.swift in Sources */ = {isa = PBXBuildFile; fileRef = 7C535D5E2A31DC5200C95D5F /* PreviewView.swift */; };
		7C535D612A31DC5200C95D5F /* CameraFeedManager.swift in Sources */ = {isa = PBXBuildFile; fileRef = 7C535D5F2A31DC5200C95D5F /* CameraFeedManager.swift */; };
		7C535D682A31DC7500C95D5F /* efficientdet_lite0.tflite in Resources */ = {isa = PBXBuildFile; fileRef = 7C535D632A31DC7400C95D5F /* efficientdet_lite0.tflite */; };
		7C535D692A31DC7500C95D5F /* ObjectDetectionHelper.swift in Sources */ = {isa = PBXBuildFile; fileRef = 7C535D642A31DC7400C95D5F /* ObjectDetectionHelper.swift */; };
		7C535D6A2A31DC7500C95D5F /* ssd_mobilenet_v1.tflite in Resources */ = {isa = PBXBuildFile; fileRef = 7C535D652A31DC7500C95D5F /* ssd_mobilenet_v1.tflite */; };
		7C535D6B2A31DC7500C95D5F /* efficientdet_lite2.tflite in Resources */ = {isa = PBXBuildFile; fileRef = 7C535D662A31DC7500C95D5F /* efficientdet_lite2.tflite */; };
		7C535D6C2A31DC7500C95D5F /* efficientdet_lite1.tflite in Resources */ = {isa = PBXBuildFile; fileRef = 7C535D672A31DC7500C95D5F /* efficientdet_lite1.tflite */; };
		7C535D6E2A31DC7D00C95D5F /* ViewController.swift in Sources */ = {isa = PBXBuildFile; fileRef = 7C535D6D2A31DC7D00C95D5F /* ViewController.swift */; };
		7C535D702A31DC8500C95D5F /* OverlayView.swift in Sources */ = {isa = PBXBuildFile; fileRef = 7C535D6F2A31DC8500C95D5F /* OverlayView.swift */; };
		7C535D732A31EF9300C95D5F /* productModel.swift in Sources */ = {isa = PBXBuildFile; fileRef = 7C535D722A31EF9300C95D5F /* productModel.swift */; };
		7C535D752A31FBA600C95D5F /* NetworkManager.swift in Sources */ = {isa = PBXBuildFile; fileRef = 7C535D742A31FBA600C95D5F /* NetworkManager.swift */; };
/* End PBXBuildFile section */

/* Begin PBXContainerItemProxy section */
		3460667A2A31919E00ADADAB /* PBXContainerItemProxy */ = {
			isa = PBXContainerItemProxy;
			containerPortal = 3460665B2A31919900ADADAB /* Project object */;
			proxyType = 1;
			remoteGlobalIDString = 346066622A31919900ADADAB;
			remoteInfo = Hackthon;
		};
		346066842A31919F00ADADAB /* PBXContainerItemProxy */ = {
			isa = PBXContainerItemProxy;
			containerPortal = 3460665B2A31919900ADADAB /* Project object */;
			proxyType = 1;
			remoteGlobalIDString = 346066622A31919900ADADAB;
			remoteInfo = Hackthon;
		};
/* End PBXContainerItemProxy section */

/* Begin PBXFileReference section */
		346066632A31919900ADADAB /* Hackthon.app */ = {isa = PBXFileReference; explicitFileType = wrapper.application; includeInIndex = 0; path = Hackthon.app; sourceTree = BUILT_PRODUCTS_DIR; };
		346066662A31919900ADADAB /* AppDelegate.swift */ = {isa = PBXFileReference; lastKnownFileType = sourcecode.swift; path = AppDelegate.swift; sourceTree = "<group>"; };
		346066682A31919900ADADAB /* SceneDelegate.swift */ = {isa = PBXFileReference; lastKnownFileType = sourcecode.swift; path = SceneDelegate.swift; sourceTree = "<group>"; };
		3460666F2A31919E00ADADAB /* Assets.xcassets */ = {isa = PBXFileReference; lastKnownFileType = folder.assetcatalog; path = Assets.xcassets; sourceTree = "<group>"; };
		346066722A31919E00ADADAB /* Base */ = {isa = PBXFileReference; lastKnownFileType = file.storyboard; name = Base; path = Base.lproj/LaunchScreen.storyboard; sourceTree = "<group>"; };
		346066742A31919E00ADADAB /* Info.plist */ = {isa = PBXFileReference; lastKnownFileType = text.plist.xml; path = Info.plist; sourceTree = "<group>"; };
		346066792A31919E00ADADAB /* HackthonTests.xctest */ = {isa = PBXFileReference; explicitFileType = wrapper.cfbundle; includeInIndex = 0; path = HackthonTests.xctest; sourceTree = BUILT_PRODUCTS_DIR; };
		3460667D2A31919E00ADADAB /* HackthonTests.swift */ = {isa = PBXFileReference; lastKnownFileType = sourcecode.swift; path = HackthonTests.swift; sourceTree = "<group>"; };
		346066832A31919F00ADADAB /* HackthonUITests.xctest */ = {isa = PBXFileReference; explicitFileType = wrapper.cfbundle; includeInIndex = 0; path = HackthonUITests.xctest; sourceTree = BUILT_PRODUCTS_DIR; };
		346066872A31919F00ADADAB /* HackthonUITests.swift */ = {isa = PBXFileReference; lastKnownFileType = sourcecode.swift; path = HackthonUITests.swift; sourceTree = "<group>"; };
		346066892A31919F00ADADAB /* HackthonUITestsLaunchTests.swift */ = {isa = PBXFileReference; lastKnownFileType = sourcecode.swift; path = HackthonUITestsLaunchTests.swift; sourceTree = "<group>"; };
		346066A22A31D36800ADADAB /* ItemCell.xib */ = {isa = PBXFileReference; fileEncoding = 4; lastKnownFileType = file.xib; path = ItemCell.xib; sourceTree = "<group>"; };
		346066A32A31D36800ADADAB /* ItemsListViewController.swift */ = {isa = PBXFileReference; fileEncoding = 4; lastKnownFileType = sourcecode.swift; path = ItemsListViewController.swift; sourceTree = "<group>"; };
		346066A42A31D36800ADADAB /* ItemCell.swift */ = {isa = PBXFileReference; fileEncoding = 4; lastKnownFileType = sourcecode.swift; path = ItemCell.swift; sourceTree = "<group>"; };
		346066A52A31D36800ADADAB /* ScannedImageViewControlller.swift */ = {isa = PBXFileReference; fileEncoding = 4; lastKnownFileType = sourcecode.swift; path = ScannedImageViewControlller.swift; sourceTree = "<group>"; };
		41EDCF4E6C96D57029C654CC /* Pods_Hackthon.framework */ = {isa = PBXFileReference; explicitFileType = wrapper.framework; includeInIndex = 0; path = Pods_Hackthon.framework; sourceTree = BUILT_PRODUCTS_DIR; };
		7C535D532A31D94800C95D5F /* Main.storyboard */ = {isa = PBXFileReference; fileEncoding = 4; lastKnownFileType = file.storyboard; path = Main.storyboard; sourceTree = "<group>"; };
		7C535D5E2A31DC5200C95D5F /* PreviewView.swift */ = {isa = PBXFileReference; fileEncoding = 4; lastKnownFileType = sourcecode.swift; path = PreviewView.swift; sourceTree = "<group>"; };
		7C535D5F2A31DC5200C95D5F /* CameraFeedManager.swift */ = {isa = PBXFileReference; fileEncoding = 4; lastKnownFileType = sourcecode.swift; path = CameraFeedManager.swift; sourceTree = "<group>"; };
		7C535D632A31DC7400C95D5F /* efficientdet_lite0.tflite */ = {isa = PBXFileReference; lastKnownFileType = file; path = efficientdet_lite0.tflite; sourceTree = "<group>"; };
		7C535D642A31DC7400C95D5F /* ObjectDetectionHelper.swift */ = {isa = PBXFileReference; fileEncoding = 4; lastKnownFileType = sourcecode.swift; path = ObjectDetectionHelper.swift; sourceTree = "<group>"; };
		7C535D652A31DC7500C95D5F /* ssd_mobilenet_v1.tflite */ = {isa = PBXFileReference; lastKnownFileType = file; path = ssd_mobilenet_v1.tflite; sourceTree = "<group>"; };
		7C535D662A31DC7500C95D5F /* efficientdet_lite2.tflite */ = {isa = PBXFileReference; lastKnownFileType = file; path = efficientdet_lite2.tflite; sourceTree = "<group>"; };
		7C535D672A31DC7500C95D5F /* efficientdet_lite1.tflite */ = {isa = PBXFileReference; lastKnownFileType = file; path = efficientdet_lite1.tflite; sourceTree = "<group>"; };
		7C535D6D2A31DC7D00C95D5F /* ViewController.swift */ = {isa = PBXFileReference; lastKnownFileType = sourcecode.swift; path = ViewController.swift; sourceTree = "<group>"; };
		7C535D6F2A31DC8500C95D5F /* OverlayView.swift */ = {isa = PBXFileReference; lastKnownFileType = sourcecode.swift; path = OverlayView.swift; sourceTree = "<group>"; };
		7C535D722A31EF9300C95D5F /* productModel.swift */ = {isa = PBXFileReference; lastKnownFileType = sourcecode.swift; path = productModel.swift; sourceTree = "<group>"; };
		7C535D742A31FBA600C95D5F /* NetworkManager.swift */ = {isa = PBXFileReference; lastKnownFileType = sourcecode.swift; path = NetworkManager.swift; sourceTree = "<group>"; };
		8F11CF30B041985D8AA832F5 /* Pods-Hackthon.debug.xcconfig */ = {isa = PBXFileReference; includeInIndex = 1; lastKnownFileType = text.xcconfig; name = "Pods-Hackthon.debug.xcconfig"; path = "Target Support Files/Pods-Hackthon/Pods-Hackthon.debug.xcconfig"; sourceTree = "<group>"; };
		FC96E2142BDCE29D1F98AD82 /* Pods-Hackthon.release.xcconfig */ = {isa = PBXFileReference; includeInIndex = 1; lastKnownFileType = text.xcconfig; name = "Pods-Hackthon.release.xcconfig"; path = "Target Support Files/Pods-Hackthon/Pods-Hackthon.release.xcconfig"; sourceTree = "<group>"; };
/* End PBXFileReference section */

/* Begin PBXFrameworksBuildPhase section */
		346066602A31919900ADADAB /* Frameworks */ = {
			isa = PBXFrameworksBuildPhase;
			buildActionMask = 2147483647;
			files = (
				0E2F7A871F072745ED644F0A /* Pods_Hackthon.framework in Frameworks */,
			);
			runOnlyForDeploymentPostprocessing = 0;
		};
		346066762A31919E00ADADAB /* Frameworks */ = {
			isa = PBXFrameworksBuildPhase;
			buildActionMask = 2147483647;
			files = (
			);
			runOnlyForDeploymentPostprocessing = 0;
		};
		346066802A31919F00ADADAB /* Frameworks */ = {
			isa = PBXFrameworksBuildPhase;
			buildActionMask = 2147483647;
			files = (
			);
			runOnlyForDeploymentPostprocessing = 0;
		};
/* End PBXFrameworksBuildPhase section */

/* Begin PBXGroup section */
		277CA2CFFAE9D1DCE2B724C7 /* Frameworks */ = {
			isa = PBXGroup;
			children = (
				41EDCF4E6C96D57029C654CC /* Pods_Hackthon.framework */,
			);
			name = Frameworks;
			sourceTree = "<group>";
		};
		3460665A2A31919900ADADAB = {
			isa = PBXGroup;
			children = (
				346066652A31919900ADADAB /* Hackthon */,
				3460667C2A31919E00ADADAB /* HackthonTests */,
				346066862A31919F00ADADAB /* HackthonUITests */,
				346066642A31919900ADADAB /* Products */,
				92E01C2E2D33979D901EB4FE /* Pods */,
				277CA2CFFAE9D1DCE2B724C7 /* Frameworks */,
			);
			sourceTree = "<group>";
		};
		346066642A31919900ADADAB /* Products */ = {
			isa = PBXGroup;
			children = (
				346066632A31919900ADADAB /* Hackthon.app */,
				346066792A31919E00ADADAB /* HackthonTests.xctest */,
				346066832A31919F00ADADAB /* HackthonUITests.xctest */,
			);
			name = Products;
			sourceTree = "<group>";
		};
		346066652A31919900ADADAB /* Hackthon */ = {
			isa = PBXGroup;
			children = (
				7C535D712A31EF7D00C95D5F /* Network */,
				7C535D5D2A31DC3F00C95D5F /* Helper */,
				346066A12A31D35400ADADAB /* Details */,
				346066662A31919900ADADAB /* AppDelegate.swift */,
				346066682A31919900ADADAB /* SceneDelegate.swift */,
				7C535D532A31D94800C95D5F /* Main.storyboard */,
				3460666F2A31919E00ADADAB /* Assets.xcassets */,
				346066712A31919E00ADADAB /* LaunchScreen.storyboard */,
				346066742A31919E00ADADAB /* Info.plist */,
			);
			path = Hackthon;
			sourceTree = "<group>";
		};
		3460667C2A31919E00ADADAB /* HackthonTests */ = {
			isa = PBXGroup;
			children = (
				3460667D2A31919E00ADADAB /* HackthonTests.swift */,
			);
			path = HackthonTests;
			sourceTree = "<group>";
		};
		346066862A31919F00ADADAB /* HackthonUITests */ = {
			isa = PBXGroup;
			children = (
				346066872A31919F00ADADAB /* HackthonUITests.swift */,
				346066892A31919F00ADADAB /* HackthonUITestsLaunchTests.swift */,
			);
			path = HackthonUITests;
			sourceTree = "<group>";
		};
		346066A12A31D35400ADADAB /* Details */ = {
			isa = PBXGroup;
			children = (
				346066A42A31D36800ADADAB /* ItemCell.swift */,
				346066A22A31D36800ADADAB /* ItemCell.xib */,
				346066A32A31D36800ADADAB /* ItemsListViewController.swift */,
				346066A52A31D36800ADADAB /* ScannedImageViewControlller.swift */,
			);
			path = Details;
			sourceTree = "<group>";
		};
		7C535D5D2A31DC3F00C95D5F /* Helper */ = {
			isa = PBXGroup;
			children = (
				7C535D6F2A31DC8500C95D5F /* OverlayView.swift */,
				7C535D5F2A31DC5200C95D5F /* CameraFeedManager.swift */,
				7C535D5E2A31DC5200C95D5F /* PreviewView.swift */,
				7C535D6D2A31DC7D00C95D5F /* ViewController.swift */,
				7C535D622A31DC6600C95D5F /* TFLite */,
			);
			path = Helper;
			sourceTree = "<group>";
		};
		7C535D622A31DC6600C95D5F /* TFLite */ = {
			isa = PBXGroup;
			children = (
				7C535D632A31DC7400C95D5F /* efficientdet_lite0.tflite */,
				7C535D672A31DC7500C95D5F /* efficientdet_lite1.tflite */,
				7C535D662A31DC7500C95D5F /* efficientdet_lite2.tflite */,
				7C535D642A31DC7400C95D5F /* ObjectDetectionHelper.swift */,
				7C535D652A31DC7500C95D5F /* ssd_mobilenet_v1.tflite */,
			);
			path = TFLite;
			sourceTree = "<group>";
		};
		7C535D712A31EF7D00C95D5F /* Network */ = {
			isa = PBXGroup;
			children = (
				7C535D722A31EF9300C95D5F /* productModel.swift */,
				7C535D742A31FBA600C95D5F /* NetworkManager.swift */,
			);
			path = Network;
			sourceTree = "<group>";
		};
		92E01C2E2D33979D901EB4FE /* Pods */ = {
			isa = PBXGroup;
			children = (
				8F11CF30B041985D8AA832F5 /* Pods-Hackthon.debug.xcconfig */,
				FC96E2142BDCE29D1F98AD82 /* Pods-Hackthon.release.xcconfig */,
			);
			path = Pods;
			sourceTree = "<group>";
		};
/* End PBXGroup section */

/* Begin PBXNativeTarget section */
		346066622A31919900ADADAB /* Hackthon */ = {
			isa = PBXNativeTarget;
			buildConfigurationList = 3460668D2A31919F00ADADAB /* Build configuration list for PBXNativeTarget "Hackthon" */;
			buildPhases = (
				C21A0E938996691D4D9844AC /* [CP] Check Pods Manifest.lock */,
				3460665F2A31919900ADADAB /* Sources */,
				346066602A31919900ADADAB /* Frameworks */,
				346066612A31919900ADADAB /* Resources */,
				7FBFC0BC7DA1F42936A43DCB /* [CP] Embed Pods Frameworks */,
			);
			buildRules = (
			);
			dependencies = (
			);
			name = Hackthon;
			productName = Hackthon;
			productReference = 346066632A31919900ADADAB /* Hackthon.app */;
			productType = "com.apple.product-type.application";
		};
		346066782A31919E00ADADAB /* HackthonTests */ = {
			isa = PBXNativeTarget;
			buildConfigurationList = 346066902A31919F00ADADAB /* Build configuration list for PBXNativeTarget "HackthonTests" */;
			buildPhases = (
				346066752A31919E00ADADAB /* Sources */,
				346066762A31919E00ADADAB /* Frameworks */,
				346066772A31919E00ADADAB /* Resources */,
			);
			buildRules = (
			);
			dependencies = (
				3460667B2A31919E00ADADAB /* PBXTargetDependency */,
			);
			name = HackthonTests;
			productName = HackthonTests;
			productReference = 346066792A31919E00ADADAB /* HackthonTests.xctest */;
			productType = "com.apple.product-type.bundle.unit-test";
		};
		346066822A31919F00ADADAB /* HackthonUITests */ = {
			isa = PBXNativeTarget;
			buildConfigurationList = 346066932A31919F00ADADAB /* Build configuration list for PBXNativeTarget "HackthonUITests" */;
			buildPhases = (
				3460667F2A31919F00ADADAB /* Sources */,
				346066802A31919F00ADADAB /* Frameworks */,
				346066812A31919F00ADADAB /* Resources */,
			);
			buildRules = (
			);
			dependencies = (
				346066852A31919F00ADADAB /* PBXTargetDependency */,
			);
			name = HackthonUITests;
			productName = HackthonUITests;
			productReference = 346066832A31919F00ADADAB /* HackthonUITests.xctest */;
			productType = "com.apple.product-type.bundle.ui-testing";
		};
/* End PBXNativeTarget section */

/* Begin PBXProject section */
		3460665B2A31919900ADADAB /* Project object */ = {
			isa = PBXProject;
			attributes = {
				BuildIndependentTargetsInParallel = 1;
				LastSwiftUpdateCheck = 1420;
				LastUpgradeCheck = 1420;
				TargetAttributes = {
					346066622A31919900ADADAB = {
						CreatedOnToolsVersion = 14.2;
					};
					346066782A31919E00ADADAB = {
						CreatedOnToolsVersion = 14.2;
						TestTargetID = 346066622A31919900ADADAB;
					};
					346066822A31919F00ADADAB = {
						CreatedOnToolsVersion = 14.2;
						TestTargetID = 346066622A31919900ADADAB;
					};
				};
			};
			buildConfigurationList = 3460665E2A31919900ADADAB /* Build configuration list for PBXProject "Hackthon" */;
			compatibilityVersion = "Xcode 14.0";
			developmentRegion = en;
			hasScannedForEncodings = 0;
			knownRegions = (
				en,
				Base,
			);
			mainGroup = 3460665A2A31919900ADADAB;
			productRefGroup = 346066642A31919900ADADAB /* Products */;
			projectDirPath = "";
			projectRoot = "";
			targets = (
				346066622A31919900ADADAB /* Hackthon */,
				346066782A31919E00ADADAB /* HackthonTests */,
				346066822A31919F00ADADAB /* HackthonUITests */,
			);
		};
/* End PBXProject section */

/* Begin PBXResourcesBuildPhase section */
		346066612A31919900ADADAB /* Resources */ = {
			isa = PBXResourcesBuildPhase;
			buildActionMask = 2147483647;
			files = (
				7C535D682A31DC7500C95D5F /* efficientdet_lite0.tflite in Resources */,
				346066732A31919E00ADADAB /* LaunchScreen.storyboard in Resources */,
				7C535D6A2A31DC7500C95D5F /* ssd_mobilenet_v1.tflite in Resources */,
				7C535D542A31D94800C95D5F /* Main.storyboard in Resources */,
				7C535D6C2A31DC7500C95D5F /* efficientdet_lite1.tflite in Resources */,
				346066702A31919E00ADADAB /* Assets.xcassets in Resources */,
				346066A62A31D36800ADADAB /* ItemCell.xib in Resources */,
				7C535D6B2A31DC7500C95D5F /* efficientdet_lite2.tflite in Resources */,
			);
			runOnlyForDeploymentPostprocessing = 0;
		};
		346066772A31919E00ADADAB /* Resources */ = {
			isa = PBXResourcesBuildPhase;
			buildActionMask = 2147483647;
			files = (
			);
			runOnlyForDeploymentPostprocessing = 0;
		};
		346066812A31919F00ADADAB /* Resources */ = {
			isa = PBXResourcesBuildPhase;
			buildActionMask = 2147483647;
			files = (
			);
			runOnlyForDeploymentPostprocessing = 0;
		};
/* End PBXResourcesBuildPhase section */

/* Begin PBXShellScriptBuildPhase section */
		7FBFC0BC7DA1F42936A43DCB /* [CP] Embed Pods Frameworks */ = {
			isa = PBXShellScriptBuildPhase;
			buildActionMask = 2147483647;
			files = (
			);
			inputFileListPaths = (
				"${PODS_ROOT}/Target Support Files/Pods-Hackthon/Pods-Hackthon-frameworks-${CONFIGURATION}-input-files.xcfilelist",
			);
			name = "[CP] Embed Pods Frameworks";
			outputFileListPaths = (
				"${PODS_ROOT}/Target Support Files/Pods-Hackthon/Pods-Hackthon-frameworks-${CONFIGURATION}-output-files.xcfilelist",
			);
			runOnlyForDeploymentPostprocessing = 0;
			shellPath = /bin/sh;
			shellScript = "\"${PODS_ROOT}/Target Support Files/Pods-Hackthon/Pods-Hackthon-frameworks.sh\"\n";
			showEnvVarsInLog = 0;
		};
		C21A0E938996691D4D9844AC /* [CP] Check Pods Manifest.lock */ = {
			isa = PBXShellScriptBuildPhase;
			buildActionMask = 2147483647;
			files = (
			);
			inputFileListPaths = (
			);
			inputPaths = (
				"${PODS_PODFILE_DIR_PATH}/Podfile.lock",
				"${PODS_ROOT}/Manifest.lock",
			);
			name = "[CP] Check Pods Manifest.lock";
			outputFileListPaths = (
			);
			outputPaths = (
				"$(DERIVED_FILE_DIR)/Pods-Hackthon-checkManifestLockResult.txt",
			);
			runOnlyForDeploymentPostprocessing = 0;
			shellPath = /bin/sh;
			shellScript = "diff \"${PODS_PODFILE_DIR_PATH}/Podfile.lock\" \"${PODS_ROOT}/Manifest.lock\" > /dev/null\nif [ $? != 0 ] ; then\n    # print error to STDERR\n    echo \"error: The sandbox is not in sync with the Podfile.lock. Run 'pod install' or update your CocoaPods installation.\" >&2\n    exit 1\nfi\n# This output is used by Xcode 'outputs' to avoid re-running this script phase.\necho \"SUCCESS\" > \"${SCRIPT_OUTPUT_FILE_0}\"\n";
			showEnvVarsInLog = 0;
		};
/* End PBXShellScriptBuildPhase section */

/* Begin PBXSourcesBuildPhase section */
		3460665F2A31919900ADADAB /* Sources */ = {
			isa = PBXSourcesBuildPhase;
			buildActionMask = 2147483647;
			files = (
				7C535D752A31FBA600C95D5F /* NetworkManager.swift in Sources */,
				346066A82A31D36800ADADAB /* ItemCell.swift in Sources */,
				7C535D602A31DC5200C95D5F /* PreviewView.swift in Sources */,
				7C535D6E2A31DC7D00C95D5F /* ViewController.swift in Sources */,
				346066A92A31D36800ADADAB /* ScannedImageViewControlller.swift in Sources */,
				7C535D692A31DC7500C95D5F /* ObjectDetectionHelper.swift in Sources */,
				346066672A31919900ADADAB /* AppDelegate.swift in Sources */,
				7C535D702A31DC8500C95D5F /* OverlayView.swift in Sources */,
				346066A72A31D36800ADADAB /* ItemsListViewController.swift in Sources */,
				7C535D732A31EF9300C95D5F /* productModel.swift in Sources */,
				7C535D612A31DC5200C95D5F /* CameraFeedManager.swift in Sources */,
				346066692A31919900ADADAB /* SceneDelegate.swift in Sources */,
			);
			runOnlyForDeploymentPostprocessing = 0;
		};
		346066752A31919E00ADADAB /* Sources */ = {
			isa = PBXSourcesBuildPhase;
			buildActionMask = 2147483647;
			files = (
				3460667E2A31919E00ADADAB /* HackthonTests.swift in Sources */,
			);
			runOnlyForDeploymentPostprocessing = 0;
		};
		3460667F2A31919F00ADADAB /* Sources */ = {
			isa = PBXSourcesBuildPhase;
			buildActionMask = 2147483647;
			files = (
				3460668A2A31919F00ADADAB /* HackthonUITestsLaunchTests.swift in Sources */,
				346066882A31919F00ADADAB /* HackthonUITests.swift in Sources */,
			);
			runOnlyForDeploymentPostprocessing = 0;
		};
/* End PBXSourcesBuildPhase section */

/* Begin PBXTargetDependency section */
		3460667B2A31919E00ADADAB /* PBXTargetDependency */ = {
			isa = PBXTargetDependency;
			target = 346066622A31919900ADADAB /* Hackthon */;
			targetProxy = 3460667A2A31919E00ADADAB /* PBXContainerItemProxy */;
		};
		346066852A31919F00ADADAB /* PBXTargetDependency */ = {
			isa = PBXTargetDependency;
			target = 346066622A31919900ADADAB /* Hackthon */;
			targetProxy = 346066842A31919F00ADADAB /* PBXContainerItemProxy */;
		};
/* End PBXTargetDependency section */

/* Begin PBXVariantGroup section */
		346066712A31919E00ADADAB /* LaunchScreen.storyboard */ = {
			isa = PBXVariantGroup;
			children = (
				346066722A31919E00ADADAB /* Base */,
			);
			name = LaunchScreen.storyboard;
			sourceTree = "<group>";
		};
/* End PBXVariantGroup section */

/* Begin XCBuildConfiguration section */
		3460668B2A31919F00ADADAB /* Debug */ = {
			isa = XCBuildConfiguration;
			buildSettings = {
				ALWAYS_SEARCH_USER_PATHS = NO;
				CLANG_ANALYZER_NONNULL = YES;
				CLANG_ANALYZER_NUMBER_OBJECT_CONVERSION = YES_AGGRESSIVE;
				CLANG_CXX_LANGUAGE_STANDARD = "gnu++20";
				CLANG_ENABLE_MODULES = YES;
				CLANG_ENABLE_OBJC_ARC = YES;
				CLANG_ENABLE_OBJC_WEAK = YES;
				CLANG_WARN_BLOCK_CAPTURE_AUTORELEASING = YES;
				CLANG_WARN_BOOL_CONVERSION = YES;
				CLANG_WARN_COMMA = YES;
				CLANG_WARN_CONSTANT_CONVERSION = YES;
				CLANG_WARN_DEPRECATED_OBJC_IMPLEMENTATIONS = YES;
				CLANG_WARN_DIRECT_OBJC_ISA_USAGE = YES_ERROR;
				CLANG_WARN_DOCUMENTATION_COMMENTS = YES;
				CLANG_WARN_EMPTY_BODY = YES;
				CLANG_WARN_ENUM_CONVERSION = YES;
				CLANG_WARN_INFINITE_RECURSION = YES;
				CLANG_WARN_INT_CONVERSION = YES;
				CLANG_WARN_NON_LITERAL_NULL_CONVERSION = YES;
				CLANG_WARN_OBJC_IMPLICIT_RETAIN_SELF = YES;
				CLANG_WARN_OBJC_LITERAL_CONVERSION = YES;
				CLANG_WARN_OBJC_ROOT_CLASS = YES_ERROR;
				CLANG_WARN_QUOTED_INCLUDE_IN_FRAMEWORK_HEADER = YES;
				CLANG_WARN_RANGE_LOOP_ANALYSIS = YES;
				CLANG_WARN_STRICT_PROTOTYPES = YES;
				CLANG_WARN_SUSPICIOUS_MOVE = YES;
				CLANG_WARN_UNGUARDED_AVAILABILITY = YES_AGGRESSIVE;
				CLANG_WARN_UNREACHABLE_CODE = YES;
				CLANG_WARN__DUPLICATE_METHOD_MATCH = YES;
				COPY_PHASE_STRIP = NO;
				DEBUG_INFORMATION_FORMAT = dwarf;
				ENABLE_STRICT_OBJC_MSGSEND = YES;
				ENABLE_TESTABILITY = YES;
				GCC_C_LANGUAGE_STANDARD = gnu11;
				GCC_DYNAMIC_NO_PIC = NO;
				GCC_NO_COMMON_BLOCKS = YES;
				GCC_OPTIMIZATION_LEVEL = 0;
				GCC_PREPROCESSOR_DEFINITIONS = (
					"DEBUG=1",
					"$(inherited)",
				);
				GCC_WARN_64_TO_32_BIT_CONVERSION = YES;
				GCC_WARN_ABOUT_RETURN_TYPE = YES_ERROR;
				GCC_WARN_UNDECLARED_SELECTOR = YES;
				GCC_WARN_UNINITIALIZED_AUTOS = YES_AGGRESSIVE;
				GCC_WARN_UNUSED_FUNCTION = YES;
				GCC_WARN_UNUSED_VARIABLE = YES;
				IPHONEOS_DEPLOYMENT_TARGET = 16.2;
				MTL_ENABLE_DEBUG_INFO = INCLUDE_SOURCE;
				MTL_FAST_MATH = YES;
				ONLY_ACTIVE_ARCH = YES;
				SDKROOT = iphoneos;
				SWIFT_ACTIVE_COMPILATION_CONDITIONS = DEBUG;
				SWIFT_OPTIMIZATION_LEVEL = "-Onone";
			};
			name = Debug;
		};
		3460668C2A31919F00ADADAB /* Release */ = {
			isa = XCBuildConfiguration;
			buildSettings = {
				ALWAYS_SEARCH_USER_PATHS = NO;
				CLANG_ANALYZER_NONNULL = YES;
				CLANG_ANALYZER_NUMBER_OBJECT_CONVERSION = YES_AGGRESSIVE;
				CLANG_CXX_LANGUAGE_STANDARD = "gnu++20";
				CLANG_ENABLE_MODULES = YES;
				CLANG_ENABLE_OBJC_ARC = YES;
				CLANG_ENABLE_OBJC_WEAK = YES;
				CLANG_WARN_BLOCK_CAPTURE_AUTORELEASING = YES;
				CLANG_WARN_BOOL_CONVERSION = YES;
				CLANG_WARN_COMMA = YES;
				CLANG_WARN_CONSTANT_CONVERSION = YES;
				CLANG_WARN_DEPRECATED_OBJC_IMPLEMENTATIONS = YES;
				CLANG_WARN_DIRECT_OBJC_ISA_USAGE = YES_ERROR;
				CLANG_WARN_DOCUMENTATION_COMMENTS = YES;
				CLANG_WARN_EMPTY_BODY = YES;
				CLANG_WARN_ENUM_CONVERSION = YES;
				CLANG_WARN_INFINITE_RECURSION = YES;
				CLANG_WARN_INT_CONVERSION = YES;
				CLANG_WARN_NON_LITERAL_NULL_CONVERSION = YES;
				CLANG_WARN_OBJC_IMPLICIT_RETAIN_SELF = YES;
				CLANG_WARN_OBJC_LITERAL_CONVERSION = YES;
				CLANG_WARN_OBJC_ROOT_CLASS = YES_ERROR;
				CLANG_WARN_QUOTED_INCLUDE_IN_FRAMEWORK_HEADER = YES;
				CLANG_WARN_RANGE_LOOP_ANALYSIS = YES;
				CLANG_WARN_STRICT_PROTOTYPES = YES;
				CLANG_WARN_SUSPICIOUS_MOVE = YES;
				CLANG_WARN_UNGUARDED_AVAILABILITY = YES_AGGRESSIVE;
				CLANG_WARN_UNREACHABLE_CODE = YES;
				CLANG_WARN__DUPLICATE_METHOD_MATCH = YES;
				COPY_PHASE_STRIP = NO;
				DEBUG_INFORMATION_FORMAT = "dwarf-with-dsym";
				ENABLE_NS_ASSERTIONS = NO;
				ENABLE_STRICT_OBJC_MSGSEND = YES;
				GCC_C_LANGUAGE_STANDARD = gnu11;
				GCC_NO_COMMON_BLOCKS = YES;
				GCC_WARN_64_TO_32_BIT_CONVERSION = YES;
				GCC_WARN_ABOUT_RETURN_TYPE = YES_ERROR;
				GCC_WARN_UNDECLARED_SELECTOR = YES;
				GCC_WARN_UNINITIALIZED_AUTOS = YES_AGGRESSIVE;
				GCC_WARN_UNUSED_FUNCTION = YES;
				GCC_WARN_UNUSED_VARIABLE = YES;
				IPHONEOS_DEPLOYMENT_TARGET = 16.2;
				MTL_ENABLE_DEBUG_INFO = NO;
				MTL_FAST_MATH = YES;
				SDKROOT = iphoneos;
				SWIFT_COMPILATION_MODE = wholemodule;
				SWIFT_OPTIMIZATION_LEVEL = "-O";
				VALIDATE_PRODUCT = YES;
			};
			name = Release;
		};
		3460668E2A31919F00ADADAB /* Debug */ = {
			isa = XCBuildConfiguration;
			baseConfigurationReference = 8F11CF30B041985D8AA832F5 /* Pods-Hackthon.debug.xcconfig */;
			buildSettings = {
				ASSETCATALOG_COMPILER_APPICON_NAME = AppIcon;
				ASSETCATALOG_COMPILER_GLOBAL_ACCENT_COLOR_NAME = AccentColor;
				CODE_SIGN_STYLE = Automatic;
				CURRENT_PROJECT_VERSION = 1;
				DEVELOPMENT_TEAM = UDPJ785EBR;
				GENERATE_INFOPLIST_FILE = YES;
				INFOPLIST_FILE = Hackthon/Info.plist;
				INFOPLIST_KEY_CFBundleDisplayName = "Vision Shopping";
				INFOPLIST_KEY_UIApplicationSupportsIndirectInputEvents = YES;
				INFOPLIST_KEY_UILaunchStoryboardName = LaunchScreen;
				INFOPLIST_KEY_UIMainStoryboardFile = Main;
				INFOPLIST_KEY_UISupportedInterfaceOrientations_iPad = "UIInterfaceOrientationPortrait UIInterfaceOrientationPortraitUpsideDown UIInterfaceOrientationLandscapeLeft UIInterfaceOrientationLandscapeRight";
				INFOPLIST_KEY_UISupportedInterfaceOrientations_iPhone = "UIInterfaceOrientationPortrait UIInterfaceOrientationLandscapeLeft UIInterfaceOrientationLandscapeRight";
				IPHONEOS_DEPLOYMENT_TARGET = 13;
				LD_RUNPATH_SEARCH_PATHS = (
					"$(inherited)",
					"@executable_path/Frameworks",
				);
				MARKETING_VERSION = 1.0;
				PRODUCT_BUNDLE_IDENTIFIER = com.walmartmexico.Hackthon.Hackthon;
				PRODUCT_NAME = "$(TARGET_NAME)";
				SWIFT_EMIT_LOC_STRINGS = YES;
				SWIFT_VERSION = 5.0;
				TARGETED_DEVICE_FAMILY = "1,2";
			};
			name = Debug;
		};
		3460668F2A31919F00ADADAB /* Release */ = {
			isa = XCBuildConfiguration;
			baseConfigurationReference = FC96E2142BDCE29D1F98AD82 /* Pods-Hackthon.release.xcconfig */;
			buildSettings = {
				ASSETCATALOG_COMPILER_APPICON_NAME = AppIcon;
				ASSETCATALOG_COMPILER_GLOBAL_ACCENT_COLOR_NAME = AccentColor;
				CODE_SIGN_STYLE = Automatic;
				CURRENT_PROJECT_VERSION = 1;
				DEVELOPMENT_TEAM = UDPJ785EBR;
				GENERATE_INFOPLIST_FILE = YES;
				INFOPLIST_FILE = Hackthon/Info.plist;
				INFOPLIST_KEY_CFBundleDisplayName = "Vision Shopping";
				INFOPLIST_KEY_UIApplicationSupportsIndirectInputEvents = YES;
				INFOPLIST_KEY_UILaunchStoryboardName = LaunchScreen;
				INFOPLIST_KEY_UIMainStoryboardFile = Main;
				INFOPLIST_KEY_UISupportedInterfaceOrientations_iPad = "UIInterfaceOrientationPortrait UIInterfaceOrientationPortraitUpsideDown UIInterfaceOrientationLandscapeLeft UIInterfaceOrientationLandscapeRight";
				INFOPLIST_KEY_UISupportedInterfaceOrientations_iPhone = "UIInterfaceOrientationPortrait UIInterfaceOrientationLandscapeLeft UIInterfaceOrientationLandscapeRight";
				IPHONEOS_DEPLOYMENT_TARGET = 13;
				LD_RUNPATH_SEARCH_PATHS = (
					"$(inherited)",
					"@executable_path/Frameworks",
				);
				MARKETING_VERSION = 1.0;
				PRODUCT_BUNDLE_IDENTIFIER = com.walmartmexico.Hackthon.Hackthon;
				PRODUCT_NAME = "$(TARGET_NAME)";
				SWIFT_EMIT_LOC_STRINGS = YES;
				SWIFT_VERSION = 5.0;
				TARGETED_DEVICE_FAMILY = "1,2";
			};
			name = Release;
		};
		346066912A31919F00ADADAB /* Debug */ = {
			isa = XCBuildConfiguration;
			buildSettings = {
				ALWAYS_EMBED_SWIFT_STANDARD_LIBRARIES = YES;
				BUNDLE_LOADER = "$(TEST_HOST)";
				CODE_SIGN_STYLE = Automatic;
				CURRENT_PROJECT_VERSION = 1;
				DEVELOPMENT_TEAM = UDPJ785EBR;
				GENERATE_INFOPLIST_FILE = YES;
				IPHONEOS_DEPLOYMENT_TARGET = 16.2;
				MARKETING_VERSION = 1.0;
				PRODUCT_BUNDLE_IDENTIFIER = com.walmartmexico.Hackthon.HackthonTests;
				PRODUCT_NAME = "$(TARGET_NAME)";
				SWIFT_EMIT_LOC_STRINGS = NO;
				SWIFT_VERSION = 5.0;
				TARGETED_DEVICE_FAMILY = "1,2";
				TEST_HOST = "$(BUILT_PRODUCTS_DIR)/Hackthon.app/$(BUNDLE_EXECUTABLE_FOLDER_PATH)/Hackthon";
			};
			name = Debug;
		};
		346066922A31919F00ADADAB /* Release */ = {
			isa = XCBuildConfiguration;
			buildSettings = {
				ALWAYS_EMBED_SWIFT_STANDARD_LIBRARIES = YES;
				BUNDLE_LOADER = "$(TEST_HOST)";
				CODE_SIGN_STYLE = Automatic;
				CURRENT_PROJECT_VERSION = 1;
				DEVELOPMENT_TEAM = UDPJ785EBR;
				GENERATE_INFOPLIST_FILE = YES;
				IPHONEOS_DEPLOYMENT_TARGET = 16.2;
				MARKETING_VERSION = 1.0;
				PRODUCT_BUNDLE_IDENTIFIER = com.walmartmexico.Hackthon.HackthonTests;
				PRODUCT_NAME = "$(TARGET_NAME)";
				SWIFT_EMIT_LOC_STRINGS = NO;
				SWIFT_VERSION = 5.0;
				TARGETED_DEVICE_FAMILY = "1,2";
				TEST_HOST = "$(BUILT_PRODUCTS_DIR)/Hackthon.app/$(BUNDLE_EXECUTABLE_FOLDER_PATH)/Hackthon";
			};
			name = Release;
		};
		346066942A31919F00ADADAB /* Debug */ = {
			isa = XCBuildConfiguration;
			buildSettings = {
				ALWAYS_EMBED_SWIFT_STANDARD_LIBRARIES = YES;
				CODE_SIGN_STYLE = Automatic;
				CURRENT_PROJECT_VERSION = 1;
				DEVELOPMENT_TEAM = UDPJ785EBR;
				GENERATE_INFOPLIST_FILE = YES;
				MARKETING_VERSION = 1.0;
				PRODUCT_BUNDLE_IDENTIFIER = com.walmartmexico.Hackthon.HackthonUITests;
				PRODUCT_NAME = "$(TARGET_NAME)";
				SWIFT_EMIT_LOC_STRINGS = NO;
				SWIFT_VERSION = 5.0;
				TARGETED_DEVICE_FAMILY = "1,2";
				TEST_TARGET_NAME = Hackthon;
			};
			name = Debug;
		};
		346066952A31919F00ADADAB /* Release */ = {
			isa = XCBuildConfiguration;
			buildSettings = {
				ALWAYS_EMBED_SWIFT_STANDARD_LIBRARIES = YES;
				CODE_SIGN_STYLE = Automatic;
				CURRENT_PROJECT_VERSION = 1;
				DEVELOPMENT_TEAM = UDPJ785EBR;
				GENERATE_INFOPLIST_FILE = YES;
				MARKETING_VERSION = 1.0;
				PRODUCT_BUNDLE_IDENTIFIER = com.walmartmexico.Hackthon.HackthonUITests;
				PRODUCT_NAME = "$(TARGET_NAME)";
				SWIFT_EMIT_LOC_STRINGS = NO;
				SWIFT_VERSION = 5.0;
				TARGETED_DEVICE_FAMILY = "1,2";
				TEST_TARGET_NAME = Hackthon;
			};
			name = Release;
		};
/* End XCBuildConfiguration section */

/* Begin XCConfigurationList section */
		3460665E2A31919900ADADAB /* Build configuration list for PBXProject "Hackthon" */ = {
			isa = XCConfigurationList;
			buildConfigurations = (
				3460668B2A31919F00ADADAB /* Debug */,
				3460668C2A31919F00ADADAB /* Release */,
			);
			defaultConfigurationIsVisible = 0;
			defaultConfigurationName = Release;
		};
		3460668D2A31919F00ADADAB /* Build configuration list for PBXNativeTarget "Hackthon" */ = {
			isa = XCConfigurationList;
			buildConfigurations = (
				3460668E2A31919F00ADADAB /* Debug */,
				3460668F2A31919F00ADADAB /* Release */,
			);
			defaultConfigurationIsVisible = 0;
			defaultConfigurationName = Release;
		};
		346066902A31919F00ADADAB /* Build configuration list for PBXNativeTarget "HackthonTests" */ = {
			isa = XCConfigurationList;
			buildConfigurations = (
				346066912A31919F00ADADAB /* Debug */,
				346066922A31919F00ADADAB /* Release */,
			);
			defaultConfigurationIsVisible = 0;
			defaultConfigurationName = Release;
		};
		346066932A31919F00ADADAB /* Build configuration list for PBXNativeTarget "HackthonUITests" */ = {
			isa = XCConfigurationList;
			buildConfigurations = (
				346066942A31919F00ADADAB /* Debug */,
				346066952A31919F00ADADAB /* Release */,
			);
			defaultConfigurationIsVisible = 0;
			defaultConfigurationName = Release;
		};
/* End XCConfigurationList section */
	};
	rootObject = 3460665B2A31919900ADADAB /* Project object */;
}
